<?xml version="1.0" encoding="utf-8"?>
<Project ToolsVersion="4.0" xmlns="http://schemas.microsoft.com/developer/msbuild/2003">
  <ItemGroup>
    <ClCompile Include="AssetLoader.cpp" />
    <ClCompile Include="Bullet.cpp" />
    <ClCompile Include="Astronaut.cpp" />
    <ClCompile Include="Camera.cpp" />
    <ClCompile Include="Defender.cpp" />
    <ClCompile Include="Game.cpp" />
    <ClCompile Include="GameEntity.cpp" />
    <ClCompile Include="GameOverScene.cpp" />
    <ClCompile Include="GameScene.cpp" />
    <ClCompile Include="MenuScene.cpp" />
    <ClCompile Include="Player.cpp" />
    <ClCompile Include="Scene.cpp" />
    <ClCompile Include="SceneManager.cpp" />
    <ClCompile Include="stdafx.cpp" />
    <ClCompile Include="Missile.cpp" />
    <ClCompile Include="AlienNest.cpp" />
    <ClCompile Include="Abductor.cpp" />
    <ClCompile Include="Astro.cpp" />
    <ClCompile Include="AbductorManager.cpp" />
    <ClCompile Include="BulletManager.cpp" />
    <ClCompile Include="PowerUp.cpp" />
    <ClCompile Include="PowerUpManager.cpp" />
    <ClCompile Include="CollisionManager.cpp" />
    <ClCompile Include="Obstacle.cpp" />
    <ClCompile Include="ObstacleManager.cpp" />
    <ClCompile Include="AlienNestManager.cpp" />
  </ItemGroup>
  <ItemGroup>
    <ClInclude Include="AssetLoader.h" />
    <ClInclude Include="Bullet.h" />
    <ClInclude Include="Astronaut.h" />
    <ClInclude Include="Camera.h" />
    <ClInclude Include="Game.h" />
    <ClInclude Include="GameEntity.h" />
    <ClInclude Include="GameOverScene.h" />
    <ClInclude Include="GameScene.h" />
    <ClInclude Include="MenuScene.h" />
    <ClInclude Include="Player.h" />
    <ClInclude Include="Scene.h" />
    <ClInclude Include="SceneManager.h" />
    <ClInclude Include="stdafx.h" />
    <ClInclude Include="targetver.h" />
    <ClInclude Include="Missile.h" />
    <ClInclude Include="AlienNest.h" />
    <ClInclude Include="Abductor.h" />
    <ClInclude Include="Astro.h" />
    <ClInclude Include="AbductorManager.h" />
    <ClInclude Include="BulletManager.h" />
    <ClInclude Include="PowerUp.h" />
    <ClInclude Include="PowerUpManager.h" />
    <ClInclude Include="CollisionManager.h" />
    <ClInclude Include="Obstacle.h" />
    <ClInclude Include="ObstacleManager.h" />
    <ClInclude Include="AlienNestManager.h" />
  </ItemGroup>
  <ItemGroup>
    <Text Include="ReadMe.txt" />
  </ItemGroup>
</Project>